
Microsoft Visual Studio Solution File, Format Version 12.00
# Visual Studio Version 17
VisualStudioVersion = 17.13.35806.99 d17.13
MinimumVisualStudioVersion = 10.0.40219.1
Project("{FAE04EC0-301F-11D3-BF4B-00C04F79EFBC}") = "MonthSpendings", "MonthSpendings\MonthSpendings.csproj", "{7F0C9FED-8014-47E0-BA6A-6DBC94BE91E6}"
EndProject
Project("{FAE04EC0-301F-11D3-BF4B-00C04F79EFBC}") = "Infrastructure", "Infrastructure\Infrastructure.csproj", "{2098B25F-AEB9-4D40-A366-763287D1BE6E}"
EndProject
Project("{FAE04EC0-301F-11D3-BF4B-00C04F79EFBC}") = "Application", "Application\Application.csproj", "{CB1FD86F-F4D1-4843-9FBE-A68734AD2038}"
EndProject
Project("{FAE04EC0-301F-11D3-BF4B-00C04F79EFBC}") = "Domain", "Domain\Domain.csproj", "{016A7AD1-2D0D-41F9-A333-81E949BCCDFF}"
EndProject
Global
	GlobalSection(SolutionConfigurationPlatforms) = preSolution
		Debug|Any CPU = Debug|Any CPU
		Release|Any CPU = Release|Any CPU
	EndGlobalSection
	GlobalSection(ProjectConfigurationPlatforms) = postSolution
		{7F0C9FED-8014-47E0-BA6A-6DBC94BE91E6}.Debug|Any CPU.ActiveCfg = Debug|Any CPU
		{7F0C9FED-8014-47E0-BA6A-6DBC94BE91E6}.Debug|Any CPU.Build.0 = Debug|Any CPU
		{7F0C9FED-8014-47E0-BA6A-6DBC94BE91E6}.Release|Any CPU.ActiveCfg = Release|Any CPU
		{7F0C9FED-8014-47E0-BA6A-6DBC94BE91E6}.Release|Any CPU.Build.0 = Release|Any CPU
		{2098B25F-AEB9-4D40-A366-763287D1BE6E}.Debug|Any CPU.ActiveCfg = Debug|Any CPU
		{2098B25F-AEB9-4D40-A366-763287D1BE6E}.Debug|Any CPU.Build.0 = Debug|Any CPU
		{2098B25F-AEB9-4D40-A366-763287D1BE6E}.Release|Any CPU.ActiveCfg = Release|Any CPU
		{2098B25F-AEB9-4D40-A366-763287D1BE6E}.Release|Any CPU.Build.0 = Release|Any CPU
		{CB1FD86F-F4D1-4843-9FBE-A68734AD2038}.Debug|Any CPU.ActiveCfg = Debug|Any CPU
		{CB1FD86F-F4D1-4843-9FBE-A68734AD2038}.Debug|Any CPU.Build.0 = Debug|Any CPU
		{CB1FD86F-F4D1-4843-9FBE-A68734AD2038}.Release|Any CPU.ActiveCfg = Release|Any CPU
		{CB1FD86F-F4D1-4843-9FBE-A68734AD2038}.Release|Any CPU.Build.0 = Release|Any CPU
		{016A7AD1-2D0D-41F9-A333-81E949BCCDFF}.Debug|Any CPU.ActiveCfg = Debug|Any CPU
		{016A7AD1-2D0D-41F9-A333-81E949BCCDFF}.Debug|Any CPU.Build.0 = Debug|Any CPU
		{016A7AD1-2D0D-41F9-A333-81E949BCCDFF}.Release|Any CPU.ActiveCfg = Release|Any CPU
		{016A7AD1-2D0D-41F9-A333-81E949BCCDFF}.Release|Any CPU.Build.0 = Release|Any CPU
	EndGlobalSection
	GlobalSection(SolutionProperties) = preSolution
		HideSolutionNode = FALSE
	EndGlobalSection
	GlobalSection(ExtensibilityGlobals) = postSolution
		SolutionGuid = {61B9485C-9421-443A-BC5C-9E39CF08CEBF}
	EndGlobalSection
EndGlobal
